
Microsoft Visual Studio Solution File, Format Version 12.00
# Visual Studio Version 16
VisualStudioVersion = 16.0.32802.440
MinimumVisualStudioVersion = 10.0.40219.1
Project("{FAE04EC0-301F-11D3-BF4B-00C04F79EFBC}") = "othello0.0.2", "othello0.0.2.csproj", "{7F026B7B-4186-4480-850A-752F2E6BCCCD}"
EndProject
Global
	GlobalSection(SolutionConfigurationPlatforms) = preSolution
		Debug|Any CPU = Debug|Any CPU
		Release|Any CPU = Release|Any CPU
	EndGlobalSection
	GlobalSection(ProjectConfigurationPlatforms) = postSolution
		{7F026B7B-4186-4480-850A-752F2E6BCCCD}.Debug|Any CPU.ActiveCfg = Debug|Any CPU
		{7F026B7B-4186-4480-850A-752F2E6BCCCD}.Debug|Any CPU.Build.0 = Debug|Any CPU
		{7F026B7B-4186-4480-850A-752F2E6BCCCD}.Release|Any CPU.ActiveCfg = Release|Any CPU
		{7F026B7B-4186-4480-850A-752F2E6BCCCD}.Release|Any CPU.Build.0 = Release|Any CPU
	EndGlobalSection
	GlobalSection(SolutionProperties) = preSolution
		HideSolutionNode = FALSE
	EndGlobalSection
	GlobalSection(ExtensibilityGlobals) = postSolution
		SolutionGuid = {793ED87B-2367-4AA2-AE04-80246FD62CF1}
	EndGlobalSection
EndGlobal
